
Microsoft Visual Studio Solution File, Format Version 12.00
# Visual Studio Version 16
VisualStudioVersion = 16.0.29920.165
MinimumVisualStudioVersion = 10.0.40219.1
Project("{9A19103F-16F7-4668-BE54-9A1E7A4F7556}") = "HelloWord", "HelloWord\HelloWord.csproj", "{1BD47E88-014D-4D9D-ABB5-30DC1D518D1C}"
EndProject
Project("{9A19103F-16F7-4668-BE54-9A1E7A4F7556}") = "MVC服务与中间件注册", "MVC服务与中间件注册\MVC服务与中间件注册.csproj", "{8DEE2595-C886-4486-AE8F-ACCE6FCB8502}"
EndProject
Project("{9A19103F-16F7-4668-BE54-9A1E7A4F7556}") = "依赖注入", "依赖注入\依赖注入.csproj", "{2DD11CB3-5EA9-4EB4-8286-09BF39E2C77D}"
EndProject
Project("{9A19103F-16F7-4668-BE54-9A1E7A4F7556}") = "服务实例的创建", "服务实例的创建\服务实例的创建.csproj", "{7C905759-383A-436E-926D-ED3C6ABCDE69}"
EndProject
Project("{9A19103F-16F7-4668-BE54-9A1E7A4F7556}") = "ServiceProviderDemo", "ServiceProviderDemo\ServiceProviderDemo.csproj", "{1D3FE104-B8FC-4367-9B94-CA036584ED5A}"
EndProject
Project("{9A19103F-16F7-4668-BE54-9A1E7A4F7556}") = "IServiceProvider注入", "IServiceProvider注入\IServiceProvider注入.csproj", "{358238EC-E07A-46CD-8F11-3F54BD6A2C59}"
EndProject
Project("{2150E333-8FDC-42A3-9474-1A3956D46DE8}") = "01.依赖注入", "01.依赖注入", "{4670C261-ADFF-499A-B5CF-EA3458FB37F7}"
EndProject
Project("{2150E333-8FDC-42A3-9474-1A3956D46DE8}") = "02.文件系统", "02.文件系统", "{F115621B-98CC-4870-8754-B3CB5E945431}"
EndProject
Project("{9A19103F-16F7-4668-BE54-9A1E7A4F7556}") = "树形层", "树形层\树形层.csproj", "{DF227D2B-7F46-490D-9CEF-3FE1FD0D2B81}"
EndProject
Project("{9A19103F-16F7-4668-BE54-9A1E7A4F7556}") = "文件内容读取", "文件内容读取\文件内容读取.csproj", "{94C33F06-ECDE-424C-8598-C49F97AFA22B}"
EndProject
Project("{9A19103F-16F7-4668-BE54-9A1E7A4F7556}") = "文件变化监控", "文件变化监控\文件变化监控.csproj", "{5747A912-C90B-476F-B1C5-D46965767BC6}"
EndProject
Project("{2150E333-8FDC-42A3-9474-1A3956D46DE8}") = "03.配置文件", "03.配置文件", "{4562F0FE-8C0E-4920-A528-C7208D57A611}"
EndProject
Project("{2150E333-8FDC-42A3-9474-1A3956D46DE8}") = "04.承载系统", "04.承载系统", "{AD82C2D8-AFFE-4C74-BC66-557D96B97BDF}"
EndProject
Project("{9A19103F-16F7-4668-BE54-9A1E7A4F7556}") = "长时间运行", "长时间运行\长时间运行.csproj", "{7E7E902E-B9DA-4CCF-A43C-EA026B14E5E5}"
EndProject
Project("{9A19103F-16F7-4668-BE54-9A1E7A4F7556}") = "承载坏境", "承载坏境\承载坏境.csproj", "{C5BD0278-8287-46E5-AFFC-27DDBECA9D62}"
EndProject
Project("{9A19103F-16F7-4668-BE54-9A1E7A4F7556}") = "宿主创建", "宿主创建\宿主创建.csproj", "{187BC579-2AA4-4661-9C45-050DE278C885}"
EndProject
Project("{2150E333-8FDC-42A3-9474-1A3956D46DE8}") = "05.管道", "05.管道", "{68042C17-A4F3-4B16-8C0A-BB295862327E}"
EndProject
Project("{9A19103F-16F7-4668-BE54-9A1E7A4F7556}") = "中间件", "中间件\中间件.csproj", "{05FF6E46-352A-440C-94E3-997532E7E799}"
EndProject
Project("{9A19103F-16F7-4668-BE54-9A1E7A4F7556}") = "DotnetCore预先注册的服务", "DotnetCore预先注册的服务\DotnetCore预先注册的服务.csproj", "{5FD14DE5-545C-4F23-8462-EC409E4E480A}"
EndProject
Project("{9A19103F-16F7-4668-BE54-9A1E7A4F7556}") = "中间件注入服务", "中间件注入服务\中间件注入服务.csproj", "{BFDC500F-E931-4229-B64E-42C1779ADFEB}"
EndProject
Project("{9A19103F-16F7-4668-BE54-9A1E7A4F7556}") = "AspNetCore生命周期", "AspNetCore生命周期\AspNetCore生命周期.csproj", "{14426503-EF1B-4518-A6C6-7E6AFCDF74AC}"
EndProject
Project("{9A19103F-16F7-4668-BE54-9A1E7A4F7556}") = "Mvc配置初始化", "Mvc配置初始化\Mvc配置初始化.csproj", "{E77FB41E-2EBB-42E0-B2E7-82308581B5D2}"
EndProject
Project("{FAE04EC0-301F-11D3-BF4B-00C04F79EFBC}") = "管道流程", "管道流程\管道流程.csproj", "{B08A8D45-E42A-49DE-A6DE-0807E23F1A29}"
EndProject
Global
	GlobalSection(SolutionConfigurationPlatforms) = preSolution
		Debug|Any CPU = Debug|Any CPU
		Release|Any CPU = Release|Any CPU
	EndGlobalSection
	GlobalSection(ProjectConfigurationPlatforms) = postSolution
		{1BD47E88-014D-4D9D-ABB5-30DC1D518D1C}.Debug|Any CPU.ActiveCfg = Debug|Any CPU
		{1BD47E88-014D-4D9D-ABB5-30DC1D518D1C}.Debug|Any CPU.Build.0 = Debug|Any CPU
		{1BD47E88-014D-4D9D-ABB5-30DC1D518D1C}.Release|Any CPU.ActiveCfg = Release|Any CPU
		{1BD47E88-014D-4D9D-ABB5-30DC1D518D1C}.Release|Any CPU.Build.0 = Release|Any CPU
		{8DEE2595-C886-4486-AE8F-ACCE6FCB8502}.Debug|Any CPU.ActiveCfg = Debug|Any CPU
		{8DEE2595-C886-4486-AE8F-ACCE6FCB8502}.Debug|Any CPU.Build.0 = Debug|Any CPU
		{8DEE2595-C886-4486-AE8F-ACCE6FCB8502}.Release|Any CPU.ActiveCfg = Release|Any CPU
		{8DEE2595-C886-4486-AE8F-ACCE6FCB8502}.Release|Any CPU.Build.0 = Release|Any CPU
		{2DD11CB3-5EA9-4EB4-8286-09BF39E2C77D}.Debug|Any CPU.ActiveCfg = Debug|Any CPU
		{2DD11CB3-5EA9-4EB4-8286-09BF39E2C77D}.Debug|Any CPU.Build.0 = Debug|Any CPU
		{2DD11CB3-5EA9-4EB4-8286-09BF39E2C77D}.Release|Any CPU.ActiveCfg = Release|Any CPU
		{2DD11CB3-5EA9-4EB4-8286-09BF39E2C77D}.Release|Any CPU.Build.0 = Release|Any CPU
		{7C905759-383A-436E-926D-ED3C6ABCDE69}.Debug|Any CPU.ActiveCfg = Debug|Any CPU
		{7C905759-383A-436E-926D-ED3C6ABCDE69}.Debug|Any CPU.Build.0 = Debug|Any CPU
		{7C905759-383A-436E-926D-ED3C6ABCDE69}.Release|Any CPU.ActiveCfg = Release|Any CPU
		{7C905759-383A-436E-926D-ED3C6ABCDE69}.Release|Any CPU.Build.0 = Release|Any CPU
		{1D3FE104-B8FC-4367-9B94-CA036584ED5A}.Debug|Any CPU.ActiveCfg = Debug|Any CPU
		{1D3FE104-B8FC-4367-9B94-CA036584ED5A}.Debug|Any CPU.Build.0 = Debug|Any CPU
		{1D3FE104-B8FC-4367-9B94-CA036584ED5A}.Release|Any CPU.ActiveCfg = Release|Any CPU
		{1D3FE104-B8FC-4367-9B94-CA036584ED5A}.Release|Any CPU.Build.0 = Release|Any CPU
		{358238EC-E07A-46CD-8F11-3F54BD6A2C59}.Debug|Any CPU.ActiveCfg = Debug|Any CPU
		{358238EC-E07A-46CD-8F11-3F54BD6A2C59}.Debug|Any CPU.Build.0 = Debug|Any CPU
		{358238EC-E07A-46CD-8F11-3F54BD6A2C59}.Release|Any CPU.ActiveCfg = Release|Any CPU
		{358238EC-E07A-46CD-8F11-3F54BD6A2C59}.Release|Any CPU.Build.0 = Release|Any CPU
		{DF227D2B-7F46-490D-9CEF-3FE1FD0D2B81}.Debug|Any CPU.ActiveCfg = Debug|Any CPU
		{DF227D2B-7F46-490D-9CEF-3FE1FD0D2B81}.Debug|Any CPU.Build.0 = Debug|Any CPU
		{DF227D2B-7F46-490D-9CEF-3FE1FD0D2B81}.Release|Any CPU.ActiveCfg = Release|Any CPU
		{DF227D2B-7F46-490D-9CEF-3FE1FD0D2B81}.Release|Any CPU.Build.0 = Release|Any CPU
		{94C33F06-ECDE-424C-8598-C49F97AFA22B}.Debug|Any CPU.ActiveCfg = Debug|Any CPU
		{94C33F06-ECDE-424C-8598-C49F97AFA22B}.Debug|Any CPU.Build.0 = Debug|Any CPU
		{94C33F06-ECDE-424C-8598-C49F97AFA22B}.Release|Any CPU.ActiveCfg = Release|Any CPU
		{94C33F06-ECDE-424C-8598-C49F97AFA22B}.Release|Any CPU.Build.0 = Release|Any CPU
		{5747A912-C90B-476F-B1C5-D46965767BC6}.Debug|Any CPU.ActiveCfg = Debug|Any CPU
		{5747A912-C90B-476F-B1C5-D46965767BC6}.Debug|Any CPU.Build.0 = Debug|Any CPU
		{5747A912-C90B-476F-B1C5-D46965767BC6}.Release|Any CPU.ActiveCfg = Release|Any CPU
		{5747A912-C90B-476F-B1C5-D46965767BC6}.Release|Any CPU.Build.0 = Release|Any CPU
		{7E7E902E-B9DA-4CCF-A43C-EA026B14E5E5}.Debug|Any CPU.ActiveCfg = Debug|Any CPU
		{7E7E902E-B9DA-4CCF-A43C-EA026B14E5E5}.Debug|Any CPU.Build.0 = Debug|Any CPU
		{7E7E902E-B9DA-4CCF-A43C-EA026B14E5E5}.Release|Any CPU.ActiveCfg = Release|Any CPU
		{7E7E902E-B9DA-4CCF-A43C-EA026B14E5E5}.Release|Any CPU.Build.0 = Release|Any CPU
		{C5BD0278-8287-46E5-AFFC-27DDBECA9D62}.Debug|Any CPU.ActiveCfg = Debug|Any CPU
		{C5BD0278-8287-46E5-AFFC-27DDBECA9D62}.Debug|Any CPU.Build.0 = Debug|Any CPU
		{C5BD0278-8287-46E5-AFFC-27DDBECA9D62}.Release|Any CPU.ActiveCfg = Release|Any CPU
		{C5BD0278-8287-46E5-AFFC-27DDBECA9D62}.Release|Any CPU.Build.0 = Release|Any CPU
		{187BC579-2AA4-4661-9C45-050DE278C885}.Debug|Any CPU.ActiveCfg = Debug|Any CPU
		{187BC579-2AA4-4661-9C45-050DE278C885}.Debug|Any CPU.Build.0 = Debug|Any CPU
		{187BC579-2AA4-4661-9C45-050DE278C885}.Release|Any CPU.ActiveCfg = Release|Any CPU
		{187BC579-2AA4-4661-9C45-050DE278C885}.Release|Any CPU.Build.0 = Release|Any CPU
		{05FF6E46-352A-440C-94E3-997532E7E799}.Debug|Any CPU.ActiveCfg = Debug|Any CPU
		{05FF6E46-352A-440C-94E3-997532E7E799}.Debug|Any CPU.Build.0 = Debug|Any CPU
		{05FF6E46-352A-440C-94E3-997532E7E799}.Release|Any CPU.ActiveCfg = Release|Any CPU
		{05FF6E46-352A-440C-94E3-997532E7E799}.Release|Any CPU.Build.0 = Release|Any CPU
		{5FD14DE5-545C-4F23-8462-EC409E4E480A}.Debug|Any CPU.ActiveCfg = Debug|Any CPU
		{5FD14DE5-545C-4F23-8462-EC409E4E480A}.Debug|Any CPU.Build.0 = Debug|Any CPU
		{5FD14DE5-545C-4F23-8462-EC409E4E480A}.Release|Any CPU.ActiveCfg = Release|Any CPU
		{5FD14DE5-545C-4F23-8462-EC409E4E480A}.Release|Any CPU.Build.0 = Release|Any CPU
		{BFDC500F-E931-4229-B64E-42C1779ADFEB}.Debug|Any CPU.ActiveCfg = Debug|Any CPU
		{BFDC500F-E931-4229-B64E-42C1779ADFEB}.Debug|Any CPU.Build.0 = Debug|Any CPU
		{BFDC500F-E931-4229-B64E-42C1779ADFEB}.Release|Any CPU.ActiveCfg = Release|Any CPU
		{BFDC500F-E931-4229-B64E-42C1779ADFEB}.Release|Any CPU.Build.0 = Release|Any CPU
		{14426503-EF1B-4518-A6C6-7E6AFCDF74AC}.Debug|Any CPU.ActiveCfg = Debug|Any CPU
		{14426503-EF1B-4518-A6C6-7E6AFCDF74AC}.Debug|Any CPU.Build.0 = Debug|Any CPU
		{14426503-EF1B-4518-A6C6-7E6AFCDF74AC}.Release|Any CPU.ActiveCfg = Release|Any CPU
		{14426503-EF1B-4518-A6C6-7E6AFCDF74AC}.Release|Any CPU.Build.0 = Release|Any CPU
		{E77FB41E-2EBB-42E0-B2E7-82308581B5D2}.Debug|Any CPU.ActiveCfg = Debug|Any CPU
		{E77FB41E-2EBB-42E0-B2E7-82308581B5D2}.Debug|Any CPU.Build.0 = Debug|Any CPU
		{E77FB41E-2EBB-42E0-B2E7-82308581B5D2}.Release|Any CPU.ActiveCfg = Release|Any CPU
		{E77FB41E-2EBB-42E0-B2E7-82308581B5D2}.Release|Any CPU.Build.0 = Release|Any CPU
		{B08A8D45-E42A-49DE-A6DE-0807E23F1A29}.Debug|Any CPU.ActiveCfg = Debug|Any CPU
		{B08A8D45-E42A-49DE-A6DE-0807E23F1A29}.Debug|Any CPU.Build.0 = Debug|Any CPU
		{B08A8D45-E42A-49DE-A6DE-0807E23F1A29}.Release|Any CPU.ActiveCfg = Release|Any CPU
		{B08A8D45-E42A-49DE-A6DE-0807E23F1A29}.Release|Any CPU.Build.0 = Release|Any CPU
	EndGlobalSection
	GlobalSection(SolutionProperties) = preSolution
		HideSolutionNode = FALSE
	EndGlobalSection
	GlobalSection(NestedProjects) = preSolution
		{1BD47E88-014D-4D9D-ABB5-30DC1D518D1C} = {4670C261-ADFF-499A-B5CF-EA3458FB37F7}
		{8DEE2595-C886-4486-AE8F-ACCE6FCB8502} = {4670C261-ADFF-499A-B5CF-EA3458FB37F7}
		{2DD11CB3-5EA9-4EB4-8286-09BF39E2C77D} = {4670C261-ADFF-499A-B5CF-EA3458FB37F7}
		{7C905759-383A-436E-926D-ED3C6ABCDE69} = {4670C261-ADFF-499A-B5CF-EA3458FB37F7}
		{1D3FE104-B8FC-4367-9B94-CA036584ED5A} = {4670C261-ADFF-499A-B5CF-EA3458FB37F7}
		{358238EC-E07A-46CD-8F11-3F54BD6A2C59} = {4670C261-ADFF-499A-B5CF-EA3458FB37F7}
		{DF227D2B-7F46-490D-9CEF-3FE1FD0D2B81} = {F115621B-98CC-4870-8754-B3CB5E945431}
		{94C33F06-ECDE-424C-8598-C49F97AFA22B} = {F115621B-98CC-4870-8754-B3CB5E945431}
		{5747A912-C90B-476F-B1C5-D46965767BC6} = {F115621B-98CC-4870-8754-B3CB5E945431}
		{7E7E902E-B9DA-4CCF-A43C-EA026B14E5E5} = {AD82C2D8-AFFE-4C74-BC66-557D96B97BDF}
		{C5BD0278-8287-46E5-AFFC-27DDBECA9D62} = {AD82C2D8-AFFE-4C74-BC66-557D96B97BDF}
		{187BC579-2AA4-4661-9C45-050DE278C885} = {AD82C2D8-AFFE-4C74-BC66-557D96B97BDF}
		{05FF6E46-352A-440C-94E3-997532E7E799} = {68042C17-A4F3-4B16-8C0A-BB295862327E}
		{5FD14DE5-545C-4F23-8462-EC409E4E480A} = {68042C17-A4F3-4B16-8C0A-BB295862327E}
		{BFDC500F-E931-4229-B64E-42C1779ADFEB} = {68042C17-A4F3-4B16-8C0A-BB295862327E}
		{14426503-EF1B-4518-A6C6-7E6AFCDF74AC} = {68042C17-A4F3-4B16-8C0A-BB295862327E}
		{E77FB41E-2EBB-42E0-B2E7-82308581B5D2} = {68042C17-A4F3-4B16-8C0A-BB295862327E}
		{B08A8D45-E42A-49DE-A6DE-0807E23F1A29} = {68042C17-A4F3-4B16-8C0A-BB295862327E}
	EndGlobalSection
	GlobalSection(ExtensibilityGlobals) = postSolution
		SolutionGuid = {4A3C3D81-E12B-452C-8EA2-A007E571BE19}
	EndGlobalSection
EndGlobal
